
Microsoft Visual Studio Solution File, Format Version 12.00
# Visual Studio Version 16
VisualStudioVersion = 16.0.31321.278
MinimumVisualStudioVersion = 10.0.40219.1
Project("{FAE04EC0-301F-11D3-BF4B-00C04F79EFBC}") = "Kolesnikov_20_10", "Kolesnikov_20_10\Kolesnikov_20_10.csproj", "{8FE81D9C-1AC0-4348-8499-C707EE7054DB}"
EndProject
Global
	GlobalSection(SolutionConfigurationPlatforms) = preSolution
		Debug|Any CPU = Debug|Any CPU
		Release|Any CPU = Release|Any CPU
	EndGlobalSection
	GlobalSection(ProjectConfigurationPlatforms) = postSolution
		{8FE81D9C-1AC0-4348-8499-C707EE7054DB}.Debug|Any CPU.ActiveCfg = Debug|Any CPU
		{8FE81D9C-1AC0-4348-8499-C707EE7054DB}.Debug|Any CPU.Build.0 = Debug|Any CPU
		{8FE81D9C-1AC0-4348-8499-C707EE7054DB}.Release|Any CPU.ActiveCfg = Release|Any CPU
		{8FE81D9C-1AC0-4348-8499-C707EE7054DB}.Release|Any CPU.Build.0 = Release|Any CPU
	EndGlobalSection
	GlobalSection(SolutionProperties) = preSolution
		HideSolutionNode = FALSE
	EndGlobalSection
	GlobalSection(ExtensibilityGlobals) = postSolution
		SolutionGuid = {32C5E9E8-5398-4AA4-9921-3BF9738BA41F}
	EndGlobalSection
EndGlobal
